{
  "name": "wallet-statistics",
  "version": "1.0.0",
  "lockfileVersion": 1,
  "requires": true,
  "dependencies": {
    "@types/webpack-env": {
      "version": "1.17.0",
      "resolved": "https://registry.npmjs.org/@types/webpack-env/-/webpack-env-1.17.0.tgz",
      "integrity": "sha512-eHSaNYEyxRA5IAG0Ym/yCyf86niZUIF/TpWKofQI/CVfh5HsMEUyfE2kwFxha4ow0s5g0LfISQxpDKjbRDrizw==",
      "dev": true
    },
    "chromatic": {
      "version": "6.7.0",
      "resolved": "https://registry.npmjs.org/chromatic/-/chromatic-6.7.0.tgz",
      "integrity": "sha512-kLpvVBKHp1uh7v14N0gPoejILsepS2OI8a4cJgM4Na0Du5GbZ0Iq7Yq/QknCuNiztlalSpBYHuD9SuVdBxL9vg==",
      "dev": true,
      "requires": {
        "@types/webpack-env": "^1.17.0"
      }
    }
  }
}
